{
  "name": "productiqbackend",
  "lockfileVersion": 2,
  "requires": true,
  "packages": {
    "": {
      "dependencies": {
        "nohup": "^0.1.0"
      }
    },
    "node_modules/nohup": {
      "version": "0.1.0",
      "resolved": "https://registry.npmjs.org/nohup/-/nohup-0.1.0.tgz",
      "integrity": "sha512-22CT1M3ehv0QWL3+oJUfl5I/3MqtBaUO1kI4ciW+9AAjBsZ4u1CsGU8tlLwgDvYk6GmG7ECB0LTadvRjMFEpMg==",
      "bin": {
        "xnohup": "bin/nohup"
      }
    }
  },
  "dependencies": {
    "nohup": {
      "version": "0.1.0",
      "resolved": "https://registry.npmjs.org/nohup/-/nohup-0.1.0.tgz",
      "integrity": "sha512-22CT1M3ehv0QWL3+oJUfl5I/3MqtBaUO1kI4ciW+9AAjBsZ4u1CsGU8tlLwgDvYk6GmG7ECB0LTadvRjMFEpMg=="
    }
  }
}
